
Microsoft Visual Studio Solution File, Format Version 12.00
# Visual Studio 15
VisualStudioVersion = 15.0.26730.15
MinimumVisualStudioVersion = 10.0.40219.1
Project("{9A19103F-16F7-4668-BE54-9A1E7A4F7556}") = "LazySetup", "LazySetup\LazySetup.csproj", "{78BCFEE5-EE18-42BB-9D0B-7DADE2FA57B5}"
EndProject
Project("{FAE04EC0-301F-11D3-BF4B-00C04F79EFBC}") = "WebApplication2", "WebApplication2\WebApplication2.csproj", "{AD700A06-675E-47FF-B8C1-4268021A0DDB}"
EndProject
Global
	GlobalSection(SolutionConfigurationPlatforms) = preSolution
		Debug|Any CPU = Debug|Any CPU
		Release|Any CPU = Release|Any CPU
	EndGlobalSection
	GlobalSection(ProjectConfigurationPlatforms) = postSolution
		{78BCFEE5-EE18-42BB-9D0B-7DADE2FA57B5}.Debug|Any CPU.ActiveCfg = Debug|Any CPU
		{78BCFEE5-EE18-42BB-9D0B-7DADE2FA57B5}.Debug|Any CPU.Build.0 = Debug|Any CPU
		{78BCFEE5-EE18-42BB-9D0B-7DADE2FA57B5}.Release|Any CPU.ActiveCfg = Release|Any CPU
		{78BCFEE5-EE18-42BB-9D0B-7DADE2FA57B5}.Release|Any CPU.Build.0 = Release|Any CPU
		{AD700A06-675E-47FF-B8C1-4268021A0DDB}.Debug|Any CPU.ActiveCfg = Debug|Any CPU
		{AD700A06-675E-47FF-B8C1-4268021A0DDB}.Debug|Any CPU.Build.0 = Debug|Any CPU
		{AD700A06-675E-47FF-B8C1-4268021A0DDB}.Release|Any CPU.ActiveCfg = Release|Any CPU
		{AD700A06-675E-47FF-B8C1-4268021A0DDB}.Release|Any CPU.Build.0 = Release|Any CPU
	EndGlobalSection
	GlobalSection(SolutionProperties) = preSolution
		HideSolutionNode = FALSE
	EndGlobalSection
	GlobalSection(ExtensibilityGlobals) = postSolution
		SolutionGuid = {B1FF0618-FF29-4D70-9CF7-C5B27E53BB12}
	EndGlobalSection
EndGlobal
