
Microsoft Visual Studio Solution File, Format Version 12.00
# Visual Studio 15
VisualStudioVersion = 15.0.26730.15
MinimumVisualStudioVersion = 10.0.40219.1
Project("{9A19103F-16F7-4668-BE54-9A1E7A4F7556}") = "LazySetup.All", "LazySetup\LazySetup.All.csproj", "{78BCFEE5-EE18-42BB-9D0B-7DADE2FA57B5}"
EndProject
Project("{2150E333-8FDC-42A3-9474-1A3956D46DE8}") = "Token", "Token", "{8FCDDEDB-1B28-49E1-B8CE-F1DB7E3AD85F}"
EndProject
Project("{FAE04EC0-301F-11D3-BF4B-00C04F79EFBC}") = "LazySetup.Token", "Token\LazySetup.Token\LazySetup.Token.csproj", "{F8BDD81B-9CF7-4336-90CF-CBAA8A16515D}"
EndProject
Project("{2150E333-8FDC-42A3-9474-1A3956D46DE8}") = "Batch", "Batch", "{882E7606-72B5-498B-8218-721E2B881352}"
EndProject
Project("{FAE04EC0-301F-11D3-BF4B-00C04F79EFBC}") = "LazySetup.Batch", "Batch\LazySetup.Batch\LazySetup.Batch.csproj", "{EA8CA6F0-581C-4905-9338-85313AE40376}"
EndProject
Project("{2150E333-8FDC-42A3-9474-1A3956D46DE8}") = "Helpers And Extensions", "Helpers And Extensions", "{346659A3-7229-4B35-BD8B-B63FC7169738}"
EndProject
Project("{FAE04EC0-301F-11D3-BF4B-00C04F79EFBC}") = "LazySetup.HelpersAndExtensions", "HelpersAndExtensions\LazySetup.HelpersAndExtensions\LazySetup.HelpersAndExtensions.csproj", "{891CAE81-C6CF-4D48-A6F0-D414EE08F72E}"
EndProject
Project("{2150E333-8FDC-42A3-9474-1A3956D46DE8}") = "Tracking", "Tracking", "{3FA87022-3BB3-44B4-A5E3-092B43F419DA}"
EndProject
Project("{FAE04EC0-301F-11D3-BF4B-00C04F79EFBC}") = "LazySetup.Tracking", "Tracking\LazySetup.Tracking\LazySetup.Tracking.csproj", "{DAEA115E-47F9-4323-BA42-4E67DF3EA690}"
EndProject
Project("{2150E333-8FDC-42A3-9474-1A3956D46DE8}") = "Sql", "Sql", "{A904B2D0-4774-4B9A-A635-66F1FBB6B6B3}"
EndProject
Project("{FAE04EC0-301F-11D3-BF4B-00C04F79EFBC}") = "LazySetup.Sql", "Sql\LazySetup.Sql\LazySetup.Sql.csproj", "{5FED6A77-12CE-48DD-8128-D7A22DCE6308}"
EndProject
Project("{2150E333-8FDC-42A3-9474-1A3956D46DE8}") = "Redis", "Redis", "{3A484D44-D8B5-499B-9ACB-057C0981BF3D}"
EndProject
Project("{FAE04EC0-301F-11D3-BF4B-00C04F79EFBC}") = "LazySetup.Redis", "Redis\LazySetup.Redis\LazySetup.Redis.csproj", "{3E393647-259E-4D98-86AC-C9A53606D1DE}"
EndProject
Project("{2150E333-8FDC-42A3-9474-1A3956D46DE8}") = "Elasticsearch", "Elasticsearch", "{1E61FB13-A4F0-4BD7-9A06-B3C7365E521B}"
EndProject
Project("{FAE04EC0-301F-11D3-BF4B-00C04F79EFBC}") = "LazySetup.Elasticsearch", "Elasticsearch\LazySetup.Elasticsearch\LazySetup.Elasticsearch.csproj", "{77F71F00-D7F7-4472-8808-9AD8A20E14EB}"
EndProject
Global
	GlobalSection(SolutionConfigurationPlatforms) = preSolution
		Debug|Any CPU = Debug|Any CPU
		Release|Any CPU = Release|Any CPU
	EndGlobalSection
	GlobalSection(ProjectConfigurationPlatforms) = postSolution
		{78BCFEE5-EE18-42BB-9D0B-7DADE2FA57B5}.Debug|Any CPU.ActiveCfg = Debug|Any CPU
		{78BCFEE5-EE18-42BB-9D0B-7DADE2FA57B5}.Debug|Any CPU.Build.0 = Debug|Any CPU
		{78BCFEE5-EE18-42BB-9D0B-7DADE2FA57B5}.Release|Any CPU.ActiveCfg = Release|Any CPU
		{78BCFEE5-EE18-42BB-9D0B-7DADE2FA57B5}.Release|Any CPU.Build.0 = Release|Any CPU
		{F8BDD81B-9CF7-4336-90CF-CBAA8A16515D}.Debug|Any CPU.ActiveCfg = Debug|Any CPU
		{F8BDD81B-9CF7-4336-90CF-CBAA8A16515D}.Debug|Any CPU.Build.0 = Debug|Any CPU
		{F8BDD81B-9CF7-4336-90CF-CBAA8A16515D}.Release|Any CPU.ActiveCfg = Release|Any CPU
		{F8BDD81B-9CF7-4336-90CF-CBAA8A16515D}.Release|Any CPU.Build.0 = Release|Any CPU
		{EA8CA6F0-581C-4905-9338-85313AE40376}.Debug|Any CPU.ActiveCfg = Debug|Any CPU
		{EA8CA6F0-581C-4905-9338-85313AE40376}.Debug|Any CPU.Build.0 = Debug|Any CPU
		{EA8CA6F0-581C-4905-9338-85313AE40376}.Release|Any CPU.ActiveCfg = Release|Any CPU
		{EA8CA6F0-581C-4905-9338-85313AE40376}.Release|Any CPU.Build.0 = Release|Any CPU
		{891CAE81-C6CF-4D48-A6F0-D414EE08F72E}.Debug|Any CPU.ActiveCfg = Debug|Any CPU
		{891CAE81-C6CF-4D48-A6F0-D414EE08F72E}.Debug|Any CPU.Build.0 = Debug|Any CPU
		{891CAE81-C6CF-4D48-A6F0-D414EE08F72E}.Release|Any CPU.ActiveCfg = Release|Any CPU
		{891CAE81-C6CF-4D48-A6F0-D414EE08F72E}.Release|Any CPU.Build.0 = Release|Any CPU
		{DAEA115E-47F9-4323-BA42-4E67DF3EA690}.Debug|Any CPU.ActiveCfg = Debug|Any CPU
		{DAEA115E-47F9-4323-BA42-4E67DF3EA690}.Debug|Any CPU.Build.0 = Debug|Any CPU
		{DAEA115E-47F9-4323-BA42-4E67DF3EA690}.Release|Any CPU.ActiveCfg = Release|Any CPU
		{DAEA115E-47F9-4323-BA42-4E67DF3EA690}.Release|Any CPU.Build.0 = Release|Any CPU
		{5FED6A77-12CE-48DD-8128-D7A22DCE6308}.Debug|Any CPU.ActiveCfg = Debug|Any CPU
		{5FED6A77-12CE-48DD-8128-D7A22DCE6308}.Debug|Any CPU.Build.0 = Debug|Any CPU
		{5FED6A77-12CE-48DD-8128-D7A22DCE6308}.Release|Any CPU.ActiveCfg = Release|Any CPU
		{5FED6A77-12CE-48DD-8128-D7A22DCE6308}.Release|Any CPU.Build.0 = Release|Any CPU
		{3E393647-259E-4D98-86AC-C9A53606D1DE}.Debug|Any CPU.ActiveCfg = Debug|Any CPU
		{3E393647-259E-4D98-86AC-C9A53606D1DE}.Debug|Any CPU.Build.0 = Debug|Any CPU
		{3E393647-259E-4D98-86AC-C9A53606D1DE}.Release|Any CPU.ActiveCfg = Release|Any CPU
		{3E393647-259E-4D98-86AC-C9A53606D1DE}.Release|Any CPU.Build.0 = Release|Any CPU
		{77F71F00-D7F7-4472-8808-9AD8A20E14EB}.Debug|Any CPU.ActiveCfg = Debug|Any CPU
		{77F71F00-D7F7-4472-8808-9AD8A20E14EB}.Debug|Any CPU.Build.0 = Debug|Any CPU
		{77F71F00-D7F7-4472-8808-9AD8A20E14EB}.Release|Any CPU.ActiveCfg = Release|Any CPU
		{77F71F00-D7F7-4472-8808-9AD8A20E14EB}.Release|Any CPU.Build.0 = Release|Any CPU
	EndGlobalSection
	GlobalSection(SolutionProperties) = preSolution
		HideSolutionNode = FALSE
	EndGlobalSection
	GlobalSection(NestedProjects) = preSolution
		{F8BDD81B-9CF7-4336-90CF-CBAA8A16515D} = {8FCDDEDB-1B28-49E1-B8CE-F1DB7E3AD85F}
		{EA8CA6F0-581C-4905-9338-85313AE40376} = {882E7606-72B5-498B-8218-721E2B881352}
		{891CAE81-C6CF-4D48-A6F0-D414EE08F72E} = {346659A3-7229-4B35-BD8B-B63FC7169738}
		{DAEA115E-47F9-4323-BA42-4E67DF3EA690} = {3FA87022-3BB3-44B4-A5E3-092B43F419DA}
		{5FED6A77-12CE-48DD-8128-D7A22DCE6308} = {A904B2D0-4774-4B9A-A635-66F1FBB6B6B3}
		{3E393647-259E-4D98-86AC-C9A53606D1DE} = {3A484D44-D8B5-499B-9ACB-057C0981BF3D}
		{77F71F00-D7F7-4472-8808-9AD8A20E14EB} = {1E61FB13-A4F0-4BD7-9A06-B3C7365E521B}
	EndGlobalSection
	GlobalSection(ExtensibilityGlobals) = postSolution
		SolutionGuid = {B1FF0618-FF29-4D70-9CF7-C5B27E53BB12}
	EndGlobalSection
EndGlobal
